// !$*UTF8*$!
{
	archiveVersion = 1;
	classes = {
	};
	objectVersion = 46;
	objects = {

/* Begin PBXBuildFile section */
		75BD15331954BE7D00195C9D /* Foundation.framework in Frameworks */ = {isa = PBXBuildFile; fileRef = 75BD15321954BE7D00195C9D /* Foundation.framework */; };
		75BD15351954BE7D00195C9D /* CoreGraphics.framework in Frameworks */ = {isa = PBXBuildFile; fileRef = 75BD15341954BE7D00195C9D /* CoreGraphics.framework */; };
		75BD15371954BE7D00195C9D /* UIKit.framework in Frameworks */ = {isa = PBXBuildFile; fileRef = 75BD15361954BE7D00195C9D /* UIKit.framework */; };
		75BD153D1954BE7D00195C9D /* InfoPlist.strings in Resources */ = {isa = PBXBuildFile; fileRef = 75BD153B1954BE7D00195C9D /* InfoPlist.strings */; };
		75BD153F1954BE7D00195C9D /* main.m in Sources */ = {isa = PBXBuildFile; fileRef = 75BD153E1954BE7D00195C9D /* main.m */; };
		75BD15431954BE7D00195C9D /* AppDelegate.m in Sources */ = {isa = PBXBuildFile; fileRef = 75BD15421954BE7D00195C9D /* AppDelegate.m */; };
		75BD15451954BE7D00195C9D /* Images.xcassets in Resources */ = {isa = PBXBuildFile; fileRef = 75BD15441954BE7D00195C9D /* Images.xcassets */; };
		75BD154C1954BE7D00195C9D /* XCTest.framework in Frameworks */ = {isa = PBXBuildFile; fileRef = 75BD154B1954BE7D00195C9D /* XCTest.framework */; };
		75BD154D1954BE7D00195C9D /* Foundation.framework in Frameworks */ = {isa = PBXBuildFile; fileRef = 75BD15321954BE7D00195C9D /* Foundation.framework */; };
		75BD154E1954BE7D00195C9D /* UIKit.framework in Frameworks */ = {isa = PBXBuildFile; fileRef = 75BD15361954BE7D00195C9D /* UIKit.framework */; };
		75BD15561954BE7D00195C9D /* InfoPlist.strings in Resources */ = {isa = PBXBuildFile; fileRef = 75BD15541954BE7D00195C9D /* InfoPlist.strings */; };
		75BD15581954BE7D00195C9D /* ControllingSourceTests.m in Sources */ = {isa = PBXBuildFile; fileRef = 75BD15571954BE7D00195C9D /* ControllingSourceTests.m */; };
/* End PBXBuildFile section */

/* Begin PBXContainerItemProxy section */
		75BD154F1954BE7D00195C9D /* PBXContainerItemProxy */ = {
			isa = PBXContainerItemProxy;
			containerPortal = 75BD15271954BE7D00195C9D /* Project object */;
			proxyType = 1;
			remoteGlobalIDString = 75BD152E1954BE7D00195C9D;
			remoteInfo = ControllingSource;
		};
/* End PBXContainerItemProxy section */

/* Begin PBXFileReference section */
		75BD152F1954BE7D00195C9D /* ControllingSource.app */ = {isa = PBXFileReference; explicitFileType = wrapper.application; includeInIndex = 0; path = ControllingSource.app; sourceTree = BUILT_PRODUCTS_DIR; };
		75BD15321954BE7D00195C9D /* Foundation.framework */ = {isa = PBXFileReference; lastKnownFileType = wrapper.framework; name = Foundation.framework; path = System/Library/Frameworks/Foundation.framework; sourceTree = SDKROOT; };
		75BD15341954BE7D00195C9D /* CoreGraphics.framework */ = {isa = PBXFileReference; lastKnownFileType = wrapper.framework; name = CoreGraphics.framework; path = System/Library/Frameworks/CoreGraphics.framework; sourceTree = SDKROOT; };
		75BD15361954BE7D00195C9D /* UIKit.framework */ = {isa = PBXFileReference; lastKnownFileType = wrapper.framework; name = UIKit.framework; path = System/Library/Frameworks/UIKit.framework; sourceTree = SDKROOT; };
		75BD153A1954BE7D00195C9D /* ControllingSource-Info.plist */ = {isa = PBXFileReference; lastKnownFileType = text.plist.xml; path = "ControllingSource-Info.plist"; sourceTree = "<group>"; };
		75BD153C1954BE7D00195C9D /* en */ = {isa = PBXFileReference; lastKnownFileType = text.plist.strings; name = en; path = en.lproj/InfoPlist.strings; sourceTree = "<group>"; };
		75BD153E1954BE7D00195C9D /* main.m */ = {isa = PBXFileReference; lastKnownFileType = sourcecode.c.objc; path = main.m; sourceTree = "<group>"; };
		75BD15401954BE7D00195C9D /* ControllingSource-Prefix.pch */ = {isa = PBXFileReference; lastKnownFileType = sourcecode.c.h; path = "ControllingSource-Prefix.pch"; sourceTree = "<group>"; };
		75BD15411954BE7D00195C9D /* AppDelegate.h */ = {isa = PBXFileReference; lastKnownFileType = sourcecode.c.h; path = AppDelegate.h; sourceTree = "<group>"; };
		75BD15421954BE7D00195C9D /* AppDelegate.m */ = {isa = PBXFileReference; lastKnownFileType = sourcecode.c.objc; path = AppDelegate.m; sourceTree = "<group>"; };
		75BD15441954BE7D00195C9D /* Images.xcassets */ = {isa = PBXFileReference; lastKnownFileType = folder.assetcatalog; path = Images.xcassets; sourceTree = "<group>"; };
		75BD154A1954BE7D00195C9D /* ControllingSourceTests.xctest */ = {isa = PBXFileReference; explicitFileType = wrapper.cfbundle; includeInIndex = 0; path = ControllingSourceTests.xctest; sourceTree = BUILT_PRODUCTS_DIR; };
		75BD154B1954BE7D00195C9D /* XCTest.framework */ = {isa = PBXFileReference; lastKnownFileType = wrapper.framework; name = XCTest.framework; path = Library/Frameworks/XCTest.framework; sourceTree = DEVELOPER_DIR; };
		75BD15531954BE7D00195C9D /* ControllingSourceTests-Info.plist */ = {isa = PBXFileReference; lastKnownFileType = text.plist.xml; path = "ControllingSourceTests-Info.plist"; sourceTree = "<group>"; };
		75BD15551954BE7D00195C9D /* en */ = {isa = PBXFileReference; lastKnownFileType = text.plist.strings; name = en; path = en.lproj/InfoPlist.strings; sourceTree = "<group>"; };
		75BD15571954BE7D00195C9D /* ControllingSourceTests.m */ = {isa = PBXFileReference; lastKnownFileType = sourcecode.c.objc; path = ControllingSourceTests.m; sourceTree = "<group>"; };
/* End PBXFileReference section */

/* Begin PBXFrameworksBuildPhase section */
		75BD152C1954BE7D00195C9D /* Frameworks */ = {
			isa = PBXFrameworksBuildPhase;
			buildActionMask = 2147483647;
			files = (
				75BD15351954BE7D00195C9D /* CoreGraphics.framework in Frameworks */,
				75BD15371954BE7D00195C9D /* UIKit.framework in Frameworks */,
				75BD15331954BE7D00195C9D /* Foundation.framework in Frameworks */,
			);
			runOnlyForDeploymentPostprocessing = 0;
		};
		75BD15471954BE7D00195C9D /* Frameworks */ = {
			isa = PBXFrameworksBuildPhase;
			buildActionMask = 2147483647;
			files = (
				75BD154C1954BE7D00195C9D /* XCTest.framework in Frameworks */,
				75BD154E1954BE7D00195C9D /* UIKit.framework in Frameworks */,
				75BD154D1954BE7D00195C9D /* Foundation.framework in Frameworks */,
			);
			runOnlyForDeploymentPostprocessing = 0;
		};
/* End PBXFrameworksBuildPhase section */

/* Begin PBXGroup section */
		75BD15261954BE7D00195C9D = {
			isa = PBXGroup;
			children = (
				75BD15381954BE7D00195C9D /* ControllingSource */,
				75BD15511954BE7D00195C9D /* ControllingSourceTests */,
				75BD15311954BE7D00195C9D /* Frameworks */,
				75BD15301954BE7D00195C9D /* Products */,
			);
			sourceTree = "<group>";
		};
		75BD15301954BE7D00195C9D /* Products */ = {
			isa = PBXGroup;
			children = (
				75BD152F1954BE7D00195C9D /* ControllingSource.app */,
				75BD154A1954BE7D00195C9D /* ControllingSourceTests.xctest */,
			);
			name = Products;
			sourceTree = "<group>";
		};
		75BD15311954BE7D00195C9D /* Frameworks */ = {
			isa = PBXGroup;
			children = (
				75BD15321954BE7D00195C9D /* Foundation.framework */,
				75BD15341954BE7D00195C9D /* CoreGraphics.framework */,
				75BD15361954BE7D00195C9D /* UIKit.framework */,
				75BD154B1954BE7D00195C9D /* XCTest.framework */,
			);
			name = Frameworks;
			sourceTree = "<group>";
		};
		75BD15381954BE7D00195C9D /* ControllingSource */ = {
			isa = PBXGroup;
			children = (
				75BD15411954BE7D00195C9D /* AppDelegate.h */,
				75BD15421954BE7D00195C9D /* AppDelegate.m */,
				75BD15441954BE7D00195C9D /* Images.xcassets */,
				75BD15391954BE7D00195C9D /* Supporting Files */,
			);
			path = ControllingSource;
			sourceTree = "<group>";
		};
		75BD15391954BE7D00195C9D /* Supporting Files */ = {
			isa = PBXGroup;
			children = (
				75BD153A1954BE7D00195C9D /* ControllingSource-Info.plist */,
				75BD153B1954BE7D00195C9D /* InfoPlist.strings */,
				75BD153E1954BE7D00195C9D /* main.m */,
				75BD15401954BE7D00195C9D /* ControllingSource-Prefix.pch */,
			);
			name = "Supporting Files";
			sourceTree = "<group>";
		};
		75BD15511954BE7D00195C9D /* ControllingSourceTests */ = {
			isa = PBXGroup;
			children = (
				75BD15571954BE7D00195C9D /* ControllingSourceTests.m */,
				75BD15521954BE7D00195C9D /* Supporting Files */,
			);
			path = ControllingSourceTests;
			sourceTree = "<group>";
		};
		75BD15521954BE7D00195C9D /* Supporting Files */ = {
			isa = PBXGroup;
			children = (
				75BD15531954BE7D00195C9D /* ControllingSourceTests-Info.plist */,
				75BD15541954BE7D00195C9D /* InfoPlist.strings */,
			);
			name = "Supporting Files";
			sourceTree = "<group>";
		};
/* End PBXGroup section */

/* Begin PBXNativeTarget section */
		75BD152E1954BE7D00195C9D /* ControllingSource */ = {
			isa = PBXNativeTarget;
			buildConfigurationList = 75BD155B1954BE7D00195C9D /* Build configuration list for PBXNativeTarget "ControllingSource" */;
			buildPhases = (
				75BD152B1954BE7D00195C9D /* Sources */,
				75BD152C1954BE7D00195C9D /* Frameworks */,
				75BD152D1954BE7D00195C9D /* Resources */,
			);
			buildRules = (
			);
			dependencies = (
			);
			name = ControllingSource;
			productName = ControllingSource;
			productReference = 75BD152F1954BE7D00195C9D /* ControllingSource.app */;
			productType = "com.apple.product-type.application";
		};
		75BD15491954BE7D00195C9D /* ControllingSourceTests */ = {
			isa = PBXNativeTarget;
			buildConfigurationList = 75BD155E1954BE7D00195C9D /* Build configuration list for PBXNativeTarget "ControllingSourceTests" */;
			buildPhases = (
				75BD15461954BE7D00195C9D /* Sources */,
				75BD15471954BE7D00195C9D /* Frameworks */,
				75BD15481954BE7D00195C9D /* Resources */,
			);
			buildRules = (
			);
			dependencies = (
				75BD15501954BE7D00195C9D /* PBXTargetDependency */,
			);
			name = ControllingSourceTests;
			productName = ControllingSourceTests;
			productReference = 75BD154A1954BE7D00195C9D /* ControllingSourceTests.xctest */;
			productType = "com.apple.product-type.bundle.unit-test";
		};
/* End PBXNativeTarget section */

/* Begin PBXProject section */
		75BD15271954BE7D00195C9D /* Project object */ = {
			isa = PBXProject;
			attributes = {
				LastUpgradeCheck = 0510;
				ORGANIZATIONNAME = "Renan Dias";
				TargetAttributes = {
					75BD15491954BE7D00195C9D = {
						TestTargetID = 75BD152E1954BE7D00195C9D;
					};
				};
			};
			buildConfigurationList = 75BD152A1954BE7D00195C9D /* Build configuration list for PBXProject "ControllingSource" */;
			compatibilityVersion = "Xcode 3.2";
			developmentRegion = English;
			hasScannedForEncodings = 0;
			knownRegions = (
				en,
			);
			mainGroup = 75BD15261954BE7D00195C9D;
			productRefGroup = 75BD15301954BE7D00195C9D /* Products */;
			projectDirPath = "";
			projectRoot = "";
			targets = (
				75BD152E1954BE7D00195C9D /* ControllingSource */,
				75BD15491954BE7D00195C9D /* ControllingSourceTests */,
			);
		};
/* End PBXProject section */

/* Begin PBXResourcesBuildPhase section */
		75BD152D1954BE7D00195C9D /* Resources */ = {
			isa = PBXResourcesBuildPhase;
			buildActionMask = 2147483647;
			files = (
				75BD153D1954BE7D00195C9D /* InfoPlist.strings in Resources */,
				75BD15451954BE7D00195C9D /* Images.xcassets in Resources */,
			);
			runOnlyForDeploymentPostprocessing = 0;
		};
		75BD15481954BE7D00195C9D /* Resources */ = {
			isa = PBXResourcesBuildPhase;
			buildActionMask = 2147483647;
			files = (
				75BD15561954BE7D00195C9D /* InfoPlist.strings in Resources */,
			);
			runOnlyForDeploymentPostprocessing = 0;
		};
/* End PBXResourcesBuildPhase section */

/* Begin PBXSourcesBuildPhase section */
		75BD152B1954BE7D00195C9D /* Sources */ = {
			isa = PBXSourcesBuildPhase;
			buildActionMask = 2147483647;
			files = (
				75BD15431954BE7D00195C9D /* AppDelegate.m in Sources */,
				75BD153F1954BE7D00195C9D /* main.m in Sources */,
			);
			runOnlyForDeploymentPostprocessing = 0;
		};
		75BD15461954BE7D00195C9D /* Sources */ = {
			isa = PBXSourcesBuildPhase;
			buildActionMask = 2147483647;
			files = (
				75BD15581954BE7D00195C9D /* ControllingSourceTests.m in Sources */,
			);
			runOnlyForDeploymentPostprocessing = 0;
		};
/* End PBXSourcesBuildPhase section */

/* Begin PBXTargetDependency section */
		75BD15501954BE7D00195C9D /* PBXTargetDependency */ = {
			isa = PBXTargetDependency;
			target = 75BD152E1954BE7D00195C9D /* ControllingSource */;
			targetProxy = 75BD154F1954BE7D00195C9D /* PBXContainerItemProxy */;
		};
/* End PBXTargetDependency section */

/* Begin PBXVariantGroup section */
		75BD153B1954BE7D00195C9D /* InfoPlist.strings */ = {
			isa = PBXVariantGroup;
			children = (
				75BD153C1954BE7D00195C9D /* en */,
			);
			name = InfoPlist.strings;
			sourceTree = "<group>";
		};
		75BD15541954BE7D00195C9D /* InfoPlist.strings */ = {
			isa = PBXVariantGroup;
			children = (
				75BD15551954BE7D00195C9D /* en */,
			);
			name = InfoPlist.strings;
			sourceTree = "<group>";
		};
/* End PBXVariantGroup section */

/* Begin XCBuildConfiguration section */
		75BD15591954BE7D00195C9D /* Debug */ = {
			isa = XCBuildConfiguration;
			buildSettings = {
				ALWAYS_SEARCH_USER_PATHS = NO;
				CLANG_CXX_LANGUAGE_STANDARD = "gnu++0x";
				CLANG_CXX_LIBRARY = "libc++";
				CLANG_ENABLE_MODULES = YES;
				CLANG_ENABLE_OBJC_ARC = YES;
				CLANG_WARN_BOOL_CONVERSION = YES;
				CLANG_WARN_CONSTANT_CONVERSION = YES;
				CLANG_WARN_DIRECT_OBJC_ISA_USAGE = YES_ERROR;
				CLANG_WARN_EMPTY_BODY = YES;
				CLANG_WARN_ENUM_CONVERSION = YES;
				CLANG_WARN_INT_CONVERSION = YES;
				CLANG_WARN_OBJC_ROOT_CLASS = YES_ERROR;
				CLANG_WARN__DUPLICATE_METHOD_MATCH = YES;
				"CODE_SIGN_IDENTITY[sdk=iphoneos*]" = "iPhone Developer";
				COPY_PHASE_STRIP = NO;
				GCC_C_LANGUAGE_STANDARD = gnu99;
				GCC_DYNAMIC_NO_PIC = NO;
				GCC_OPTIMIZATION_LEVEL = 0;
				GCC_PREPROCESSOR_DEFINITIONS = (
					"DEBUG=1",
					"$(inherited)",
				);
				GCC_SYMBOLS_PRIVATE_EXTERN = NO;
				GCC_WARN_64_TO_32_BIT_CONVERSION = YES;
				GCC_WARN_ABOUT_RETURN_TYPE = YES_ERROR;
				GCC_WARN_UNDECLARED_SELECTOR = YES;
				GCC_WARN_UNINITIALIZED_AUTOS = YES_AGGRESSIVE;
				GCC_WARN_UNUSED_FUNCTION = YES;
				GCC_WARN_UNUSED_VARIABLE = YES;
				IPHONEOS_DEPLOYMENT_TARGET = 7.1;
				ONLY_ACTIVE_ARCH = YES;
				SDKROOT = iphoneos;
			};
			name = Debug;
		};
		75BD155A1954BE7D00195C9D /* Release */ = {
			isa = XCBuildConfiguration;
			buildSettings = {
				ALWAYS_SEARCH_USER_PATHS = NO;
				CLANG_CXX_LANGUAGE_STANDARD = "gnu++0x";
				CLANG_CXX_LIBRARY = "libc++";
				CLANG_ENABLE_MODULES = YES;
				CLANG_ENABLE_OBJC_ARC = YES;
				CLANG_WARN_BOOL_CONVERSION = YES;
				CLANG_WARN_CONSTANT_CONVERSION = YES;
				CLANG_WARN_DIRECT_OBJC_ISA_USAGE = YES_ERROR;
				CLANG_WARN_EMPTY_BODY = YES;
				CLANG_WARN_ENUM_CONVERSION = YES;
				CLANG_WARN_INT_CONVERSION = YES;
				CLANG_WARN_OBJC_ROOT_CLASS = YES_ERROR;
				CLANG_WARN__DUPLICATE_METHOD_MATCH = YES;
				"CODE_SIGN_IDENTITY[sdk=iphoneos*]" = "iPhone Developer";
				COPY_PHASE_STRIP = YES;
				ENABLE_NS_ASSERTIONS = NO;
				GCC_C_LANGUAGE_STANDARD = gnu99;
				GCC_WARN_64_TO_32_BIT_CONVERSION = YES;
				GCC_WARN_ABOUT_RETURN_TYPE = YES_ERROR;
				GCC_WARN_UNDECLARED_SELECTOR = YES;
				GCC_WARN_UNINITIALIZED_AUTOS = YES_AGGRESSIVE;
				GCC_WARN_UNUSED_FUNCTION = YES;
				GCC_WARN_UNUSED_VARIABLE = YES;
				IPHONEOS_DEPLOYMENT_TARGET = 7.1;
				SDKROOT = iphoneos;
				VALIDATE_PRODUCT = YES;
			};
			name = Release;
		};
		75BD155C1954BE7D00195C9D /* Debug */ = {
			isa = XCBuildConfiguration;
			buildSettings = {
				ASSETCATALOG_COMPILER_APPICON_NAME = AppIcon;
				ASSETCATALOG_COMPILER_LAUNCHIMAGE_NAME = LaunchImage;
				GCC_PRECOMPILE_PREFIX_HEADER = YES;
				GCC_PREFIX_HEADER = "ControllingSource/ControllingSource-Prefix.pch";
				INFOPLIST_FILE = "ControllingSource/ControllingSource-Info.plist";
				PRODUCT_NAME = "$(TARGET_NAME)";
				WRAPPER_EXTENSION = app;
			};
			name = Debug;
		};
		75BD155D1954BE7D00195C9D /* Release */ = {
			isa = XCBuildConfiguration;
			buildSettings = {
				ASSETCATALOG_COMPILER_APPICON_NAME = AppIcon;
				ASSETCATALOG_COMPILER_LAUNCHIMAGE_NAME = LaunchImage;
				GCC_PRECOMPILE_PREFIX_HEADER = YES;
				GCC_PREFIX_HEADER = "ControllingSource/ControllingSource-Prefix.pch";
				INFOPLIST_FILE = "ControllingSource/ControllingSource-Info.plist";
				PRODUCT_NAME = "$(TARGET_NAME)";
				WRAPPER_EXTENSION = app;
			};
			name = Release;
		};
		75BD155F1954BE7D00195C9D /* Debug */ = {
			isa = XCBuildConfiguration;
			buildSettings = {
				BUNDLE_LOADER = "$(BUILT_PRODUCTS_DIR)/ControllingSource.app/ControllingSource";
				FRAMEWORK_SEARCH_PATHS = (
					"$(SDKROOT)/Developer/Library/Frameworks",
					"$(inherited)",
					"$(DEVELOPER_FRAMEWORKS_DIR)",
				);
				GCC_PRECOMPILE_PREFIX_HEADER = YES;
				GCC_PREFIX_HEADER = "ControllingSource/ControllingSource-Prefix.pch";
				GCC_PREPROCESSOR_DEFINITIONS = (
					"DEBUG=1",
					"$(inherited)",
				);
				INFOPLIST_FILE = "ControllingSourceTests/ControllingSourceTests-Info.plist";
				PRODUCT_NAME = "$(TARGET_NAME)";
				TEST_HOST = "$(BUNDLE_LOADER)";
				WRAPPER_EXTENSION = xctest;
			};
			name = Debug;
		};
		75BD15601954BE7D00195C9D /* Release */ = {
			isa = XCBuildConfiguration;
			buildSettings = {
				BUNDLE_LOADER = "$(BUILT_PRODUCTS_DIR)/ControllingSource.app/ControllingSource";
				FRAMEWORK_SEARCH_PATHS = (
					"$(SDKROOT)/Developer/Library/Frameworks",
					"$(inherited)",
					"$(DEVELOPER_FRAMEWORKS_DIR)",
				);
				GCC_PRECOMPILE_PREFIX_HEADER = YES;
				GCC_PREFIX_HEADER = "ControllingSource/ControllingSource-Prefix.pch";
				INFOPLIST_FILE = "ControllingSourceTests/ControllingSourceTests-Info.plist";
				PRODUCT_NAME = "$(TARGET_NAME)";
				TEST_HOST = "$(BUNDLE_LOADER)";
				WRAPPER_EXTENSION = xctest;
			};
			name = Release;
		};
/* End XCBuildConfiguration section */

/* Begin XCConfigurationList section */
		75BD152A1954BE7D00195C9D /* Build configuration list for PBXProject "ControllingSource" */ = {
			isa = XCConfigurationList;
			buildConfigurations = (
				75BD15591954BE7D00195C9D /* Debug */,
				75BD155A1954BE7D00195C9D /* Release */,
			);
			defaultConfigurationIsVisible = 0;
			defaultConfigurationName = Release;
		};
		75BD155B1954BE7D00195C9D /* Build configuration list for PBXNativeTarget "ControllingSource" */ = {
			isa = XCConfigurationList;
			buildConfigurations = (
				75BD155C1954BE7D00195C9D /* Debug */,
				75BD155D1954BE7D00195C9D /* Release */,
			);
			defaultConfigurationIsVisible = 0;
		};
		75BD155E1954BE7D00195C9D /* Build configuration list for PBXNativeTarget "ControllingSourceTests" */ = {
			isa = XCConfigurationList;
			buildConfigurations = (
				75BD155F1954BE7D00195C9D /* Debug */,
				75BD15601954BE7D00195C9D /* Release */,
			);
			defaultConfigurationIsVisible = 0;
		};
/* End XCConfigurationList section */
	};
	rootObject = 75BD15271954BE7D00195C9D /* Project object */;
}
